
Microsoft Visual Studio Solution File, Format Version 12.00
# Visual Studio 15
VisualStudioVersion = 15.0.26730.16
MinimumVisualStudioVersion = 10.0.40219.1
Project("{8BC9CEB8-8B4A-11D0-8D11-00A0C91BC942}") = "test3.1", "test3.1\test3.1.vcxproj", "{565EBFBA-39B3-4F30-8BF6-9F23394D3D5B}"
EndProject
Global
	GlobalSection(SolutionConfigurationPlatforms) = preSolution
		Debug|x64 = Debug|x64
		Debug|x86 = Debug|x86
		Release|x64 = Release|x64
		Release|x86 = Release|x86
	EndGlobalSection
	GlobalSection(ProjectConfigurationPlatforms) = postSolution
		{565EBFBA-39B3-4F30-8BF6-9F23394D3D5B}.Debug|x64.ActiveCfg = Debug|x64
		{565EBFBA-39B3-4F30-8BF6-9F23394D3D5B}.Debug|x64.Build.0 = Debug|x64
		{565EBFBA-39B3-4F30-8BF6-9F23394D3D5B}.Debug|x86.ActiveCfg = Debug|Win32
		{565EBFBA-39B3-4F30-8BF6-9F23394D3D5B}.Debug|x86.Build.0 = Debug|Win32
		{565EBFBA-39B3-4F30-8BF6-9F23394D3D5B}.Release|x64.ActiveCfg = Release|x64
		{565EBFBA-39B3-4F30-8BF6-9F23394D3D5B}.Release|x64.Build.0 = Release|x64
		{565EBFBA-39B3-4F30-8BF6-9F23394D3D5B}.Release|x86.ActiveCfg = Release|Win32
		{565EBFBA-39B3-4F30-8BF6-9F23394D3D5B}.Release|x86.Build.0 = Release|Win32
	EndGlobalSection
	GlobalSection(SolutionProperties) = preSolution
		HideSolutionNode = FALSE
	EndGlobalSection
	GlobalSection(ExtensibilityGlobals) = postSolution
		SolutionGuid = {8CEB8D08-1D53-400F-90FC-7C96E71700E4}
	EndGlobalSection
EndGlobal
