
Microsoft Visual Studio Solution File, Format Version 12.00
# Visual Studio 15
VisualStudioVersion = 15.0.26730.16
MinimumVisualStudioVersion = 10.0.40219.1
Project("{8BC9CEB8-8B4A-11D0-8D11-00A0C91BC942}") = "test3.2", "test3.2\test3.2.vcxproj", "{96E381F4-2A18-4A9F-AE16-1D00B56A62B0}"
EndProject
Global
	GlobalSection(SolutionConfigurationPlatforms) = preSolution
		Debug|x64 = Debug|x64
		Debug|x86 = Debug|x86
		Release|x64 = Release|x64
		Release|x86 = Release|x86
	EndGlobalSection
	GlobalSection(ProjectConfigurationPlatforms) = postSolution
		{96E381F4-2A18-4A9F-AE16-1D00B56A62B0}.Debug|x64.ActiveCfg = Debug|x64
		{96E381F4-2A18-4A9F-AE16-1D00B56A62B0}.Debug|x64.Build.0 = Debug|x64
		{96E381F4-2A18-4A9F-AE16-1D00B56A62B0}.Debug|x86.ActiveCfg = Debug|Win32
		{96E381F4-2A18-4A9F-AE16-1D00B56A62B0}.Debug|x86.Build.0 = Debug|Win32
		{96E381F4-2A18-4A9F-AE16-1D00B56A62B0}.Release|x64.ActiveCfg = Release|x64
		{96E381F4-2A18-4A9F-AE16-1D00B56A62B0}.Release|x64.Build.0 = Release|x64
		{96E381F4-2A18-4A9F-AE16-1D00B56A62B0}.Release|x86.ActiveCfg = Release|Win32
		{96E381F4-2A18-4A9F-AE16-1D00B56A62B0}.Release|x86.Build.0 = Release|Win32
	EndGlobalSection
	GlobalSection(SolutionProperties) = preSolution
		HideSolutionNode = FALSE
	EndGlobalSection
	GlobalSection(ExtensibilityGlobals) = postSolution
		SolutionGuid = {40F71645-CE28-4693-BB3D-A5CB8E60C606}
	EndGlobalSection
EndGlobal
